{
  "name": "Frontend",
  "lockfileVersion": 3,
  "requires": true,
  "packages": {
    "": {
      "dependencies": {
        "@south-paw/typeface-minecraft": "^1.0.0"
      }
    },
    "node_modules/@south-paw/typeface-minecraft": {
      "version": "1.0.0",
      "resolved": "https://registry.npmjs.org/@south-paw/typeface-minecraft/-/typeface-minecraft-1.0.0.tgz",
      "integrity": "sha512-wt58ifXAyBZ23qcPd8qcyRCbZVCcJX3E84LLHvmHL+b91HxF7nKtBIlv47uIgHRCrm7TWVRP1Z2r3zck6w3EuQ=="
    }
  }
}
